
Microsoft Visual Studio Solution File, Format Version 12.00
# Visual Studio 15
VisualStudioVersion = 15.0.28307.705
MinimumVisualStudioVersion = 10.0.40219.1
Project("{FAE04EC0-301F-11D3-BF4B-00C04F79EFBC}") = "OpenBreweryService", "OpenBreweryService\OpenBreweryService.csproj", "{6393649C-6D71-42DF-8266-88342AEAAB75}"
EndProject
Global
	GlobalSection(SolutionConfigurationPlatforms) = preSolution
		Debug|Any CPU = Debug|Any CPU
		Release|Any CPU = Release|Any CPU
	EndGlobalSection
	GlobalSection(ProjectConfigurationPlatforms) = postSolution
		{6393649C-6D71-42DF-8266-88342AEAAB75}.Debug|Any CPU.ActiveCfg = Debug|Any CPU
		{6393649C-6D71-42DF-8266-88342AEAAB75}.Debug|Any CPU.Build.0 = Debug|Any CPU
		{6393649C-6D71-42DF-8266-88342AEAAB75}.Release|Any CPU.ActiveCfg = Release|Any CPU
		{6393649C-6D71-42DF-8266-88342AEAAB75}.Release|Any CPU.Build.0 = Release|Any CPU
	EndGlobalSection
	GlobalSection(SolutionProperties) = preSolution
		HideSolutionNode = FALSE
	EndGlobalSection
	GlobalSection(ExtensibilityGlobals) = postSolution
		SolutionGuid = {91459F36-2CB6-43AA-840A-E6C6BAC04929}
	EndGlobalSection
EndGlobal
